
Microsoft Visual Studio Solution File, Format Version 10.00
# Visual Studio 2008
Project("{F184B08F-C81C-45F6-A57F-5ABD9991F28F}") = "Controls", "Controls\Controls.vbproj", "{EE31B4EC-AFED-40EA-BE09-C28C69A4AB5B}"
EndProject
Global
	GlobalSection(SolutionConfigurationPlatforms) = preSolution
		Debug|Any CPU = Debug|Any CPU
		Release|Any CPU = Release|Any CPU
	EndGlobalSection
	GlobalSection(ProjectConfigurationPlatforms) = postSolution
		{EE31B4EC-AFED-40EA-BE09-C28C69A4AB5B}.Debug|Any CPU.ActiveCfg = Debug|Any CPU
		{EE31B4EC-AFED-40EA-BE09-C28C69A4AB5B}.Debug|Any CPU.Build.0 = Debug|Any CPU
		{EE31B4EC-AFED-40EA-BE09-C28C69A4AB5B}.Release|Any CPU.ActiveCfg = Release|Any CPU
		{EE31B4EC-AFED-40EA-BE09-C28C69A4AB5B}.Release|Any CPU.Build.0 = Release|Any CPU
	EndGlobalSection
	GlobalSection(SolutionProperties) = preSolution
		HideSolutionNode = FALSE
	EndGlobalSection
EndGlobal
